
Microsoft Visual Studio Solution File, Format Version 12.00
# Visual Studio 15
VisualStudioVersion = 15.0.28010.2016
MinimumVisualStudioVersion = 10.0.40219.1
Project("{FAE04EC0-301F-11D3-BF4B-00C04F79EFBC}") = "WinRpiBluetooth", "WinRpiBluetooth\WinRpiBluetooth.csproj", "{7C15E211-9538-414E-B113-C35821D10520}"
EndProject
Project("{FAE04EC0-301F-11D3-BF4B-00C04F79EFBC}") = "AndroidBtClient.Android", "..\AndroidBtClient\AndroidBtClient.Android\AndroidBtClient.Android.csproj", "{2EADD4BC-C76C-4645-A057-3B847BA7131F}"
EndProject
Project("{FAE04EC0-301F-11D3-BF4B-00C04F79EFBC}") = "AndroidBtClient", "..\AndroidBtClient\AndroidBtClient\AndroidBtClient.csproj", "{E25A42F8-8D8E-495B-8480-7DB5ED998993}"
EndProject
Project("{2150E333-8FDC-42A3-9474-1A3956D46DE8}") = "CodeBrix", "CodeBrix", "{6734DB0D-9FB9-4F4A-8B7C-1FEDF896C33E}"
EndProject
Project("{9A19103F-16F7-4668-BE54-9A1E7A4F7556}") = "CodeBrix.Prism", "..\..\..\CodeBrix_private\Source\Prism\CodeBrix.Prism\CodeBrix.Prism.csproj", "{A0ABD8B5-9EA1-46FB-9B2B-9B6386832D6D}"
EndProject
Project("{FAE04EC0-301F-11D3-BF4B-00C04F79EFBC}") = "CodeBrix.Prism.Android", "..\..\..\CodeBrix_private\Source\Prism\CodeBrix.Prism.Android\CodeBrix.Prism.Android.csproj", "{2328735B-D8EC-4449-B46B-50C0378CF8D4}"
EndProject
Project("{9A19103F-16F7-4668-BE54-9A1E7A4F7556}") = "CodeBrix.Prism.DryIoc", "..\..\..\CodeBrix_private\Source\Prism\CodeBrix.Prism.DryIoc\CodeBrix.Prism.DryIoc.csproj", "{EE0D894B-DE37-42F9-A0CA-D171CF0CEA04}"
EndProject
Global
	GlobalSection(SolutionConfigurationPlatforms) = preSolution
		Debug|Any CPU = Debug|Any CPU
		Debug|ARM = Debug|ARM
		Debug|x64 = Debug|x64
		Debug|x86 = Debug|x86
		Release|Any CPU = Release|Any CPU
		Release|ARM = Release|ARM
		Release|x64 = Release|x64
		Release|x86 = Release|x86
	EndGlobalSection
	GlobalSection(ProjectConfigurationPlatforms) = postSolution
		{7C15E211-9538-414E-B113-C35821D10520}.Debug|Any CPU.ActiveCfg = Debug|ARM
		{7C15E211-9538-414E-B113-C35821D10520}.Debug|Any CPU.Build.0 = Debug|ARM
		{7C15E211-9538-414E-B113-C35821D10520}.Debug|ARM.ActiveCfg = Debug|ARM
		{7C15E211-9538-414E-B113-C35821D10520}.Debug|ARM.Build.0 = Debug|ARM
		{7C15E211-9538-414E-B113-C35821D10520}.Debug|ARM.Deploy.0 = Debug|ARM
		{7C15E211-9538-414E-B113-C35821D10520}.Debug|x64.ActiveCfg = Debug|x64
		{7C15E211-9538-414E-B113-C35821D10520}.Debug|x64.Build.0 = Debug|x64
		{7C15E211-9538-414E-B113-C35821D10520}.Debug|x64.Deploy.0 = Debug|x64
		{7C15E211-9538-414E-B113-C35821D10520}.Debug|x86.ActiveCfg = Debug|x86
		{7C15E211-9538-414E-B113-C35821D10520}.Debug|x86.Build.0 = Debug|x86
		{7C15E211-9538-414E-B113-C35821D10520}.Debug|x86.Deploy.0 = Debug|x86
		{7C15E211-9538-414E-B113-C35821D10520}.Release|Any CPU.ActiveCfg = Release|x86
		{7C15E211-9538-414E-B113-C35821D10520}.Release|ARM.ActiveCfg = Release|ARM
		{7C15E211-9538-414E-B113-C35821D10520}.Release|ARM.Build.0 = Release|ARM
		{7C15E211-9538-414E-B113-C35821D10520}.Release|ARM.Deploy.0 = Release|ARM
		{7C15E211-9538-414E-B113-C35821D10520}.Release|x64.ActiveCfg = Release|x64
		{7C15E211-9538-414E-B113-C35821D10520}.Release|x64.Build.0 = Release|x64
		{7C15E211-9538-414E-B113-C35821D10520}.Release|x64.Deploy.0 = Release|x64
		{7C15E211-9538-414E-B113-C35821D10520}.Release|x86.ActiveCfg = Release|x86
		{7C15E211-9538-414E-B113-C35821D10520}.Release|x86.Build.0 = Release|x86
		{7C15E211-9538-414E-B113-C35821D10520}.Release|x86.Deploy.0 = Release|x86
		{2EADD4BC-C76C-4645-A057-3B847BA7131F}.Debug|Any CPU.ActiveCfg = Debug|Any CPU
		{2EADD4BC-C76C-4645-A057-3B847BA7131F}.Debug|Any CPU.Build.0 = Debug|Any CPU
		{2EADD4BC-C76C-4645-A057-3B847BA7131F}.Debug|Any CPU.Deploy.0 = Debug|Any CPU
		{2EADD4BC-C76C-4645-A057-3B847BA7131F}.Debug|ARM.ActiveCfg = Debug|Any CPU
		{2EADD4BC-C76C-4645-A057-3B847BA7131F}.Debug|ARM.Build.0 = Debug|Any CPU
		{2EADD4BC-C76C-4645-A057-3B847BA7131F}.Debug|ARM.Deploy.0 = Debug|Any CPU
		{2EADD4BC-C76C-4645-A057-3B847BA7131F}.Debug|x64.ActiveCfg = Debug|Any CPU
		{2EADD4BC-C76C-4645-A057-3B847BA7131F}.Debug|x64.Build.0 = Debug|Any CPU
		{2EADD4BC-C76C-4645-A057-3B847BA7131F}.Debug|x64.Deploy.0 = Debug|Any CPU
		{2EADD4BC-C76C-4645-A057-3B847BA7131F}.Debug|x86.ActiveCfg = Debug|Any CPU
		{2EADD4BC-C76C-4645-A057-3B847BA7131F}.Debug|x86.Build.0 = Debug|Any CPU
		{2EADD4BC-C76C-4645-A057-3B847BA7131F}.Debug|x86.Deploy.0 = Debug|Any CPU
		{2EADD4BC-C76C-4645-A057-3B847BA7131F}.Release|Any CPU.ActiveCfg = Release|Any CPU
		{2EADD4BC-C76C-4645-A057-3B847BA7131F}.Release|Any CPU.Build.0 = Release|Any CPU
		{2EADD4BC-C76C-4645-A057-3B847BA7131F}.Release|Any CPU.Deploy.0 = Release|Any CPU
		{2EADD4BC-C76C-4645-A057-3B847BA7131F}.Release|ARM.ActiveCfg = Release|Any CPU
		{2EADD4BC-C76C-4645-A057-3B847BA7131F}.Release|ARM.Build.0 = Release|Any CPU
		{2EADD4BC-C76C-4645-A057-3B847BA7131F}.Release|ARM.Deploy.0 = Release|Any CPU
		{2EADD4BC-C76C-4645-A057-3B847BA7131F}.Release|x64.ActiveCfg = Release|Any CPU
		{2EADD4BC-C76C-4645-A057-3B847BA7131F}.Release|x64.Build.0 = Release|Any CPU
		{2EADD4BC-C76C-4645-A057-3B847BA7131F}.Release|x64.Deploy.0 = Release|Any CPU
		{2EADD4BC-C76C-4645-A057-3B847BA7131F}.Release|x86.ActiveCfg = Release|Any CPU
		{2EADD4BC-C76C-4645-A057-3B847BA7131F}.Release|x86.Build.0 = Release|Any CPU
		{2EADD4BC-C76C-4645-A057-3B847BA7131F}.Release|x86.Deploy.0 = Release|Any CPU
		{E25A42F8-8D8E-495B-8480-7DB5ED998993}.Debug|Any CPU.ActiveCfg = Debug|Any CPU
		{E25A42F8-8D8E-495B-8480-7DB5ED998993}.Debug|Any CPU.Build.0 = Debug|Any CPU
		{E25A42F8-8D8E-495B-8480-7DB5ED998993}.Debug|ARM.ActiveCfg = Debug|Any CPU
		{E25A42F8-8D8E-495B-8480-7DB5ED998993}.Debug|ARM.Build.0 = Debug|Any CPU
		{E25A42F8-8D8E-495B-8480-7DB5ED998993}.Debug|x64.ActiveCfg = Debug|Any CPU
		{E25A42F8-8D8E-495B-8480-7DB5ED998993}.Debug|x64.Build.0 = Debug|Any CPU
		{E25A42F8-8D8E-495B-8480-7DB5ED998993}.Debug|x86.ActiveCfg = Debug|Any CPU
		{E25A42F8-8D8E-495B-8480-7DB5ED998993}.Debug|x86.Build.0 = Debug|Any CPU
		{E25A42F8-8D8E-495B-8480-7DB5ED998993}.Release|Any CPU.ActiveCfg = Release|Any CPU
		{E25A42F8-8D8E-495B-8480-7DB5ED998993}.Release|Any CPU.Build.0 = Release|Any CPU
		{E25A42F8-8D8E-495B-8480-7DB5ED998993}.Release|ARM.ActiveCfg = Release|Any CPU
		{E25A42F8-8D8E-495B-8480-7DB5ED998993}.Release|ARM.Build.0 = Release|Any CPU
		{E25A42F8-8D8E-495B-8480-7DB5ED998993}.Release|x64.ActiveCfg = Release|Any CPU
		{E25A42F8-8D8E-495B-8480-7DB5ED998993}.Release|x64.Build.0 = Release|Any CPU
		{E25A42F8-8D8E-495B-8480-7DB5ED998993}.Release|x86.ActiveCfg = Release|Any CPU
		{E25A42F8-8D8E-495B-8480-7DB5ED998993}.Release|x86.Build.0 = Release|Any CPU
		{A0ABD8B5-9EA1-46FB-9B2B-9B6386832D6D}.Debug|Any CPU.ActiveCfg = Debug|Any CPU
		{A0ABD8B5-9EA1-46FB-9B2B-9B6386832D6D}.Debug|Any CPU.Build.0 = Debug|Any CPU
		{A0ABD8B5-9EA1-46FB-9B2B-9B6386832D6D}.Debug|ARM.ActiveCfg = Debug|Any CPU
		{A0ABD8B5-9EA1-46FB-9B2B-9B6386832D6D}.Debug|ARM.Build.0 = Debug|Any CPU
		{A0ABD8B5-9EA1-46FB-9B2B-9B6386832D6D}.Debug|x64.ActiveCfg = Debug|Any CPU
		{A0ABD8B5-9EA1-46FB-9B2B-9B6386832D6D}.Debug|x64.Build.0 = Debug|Any CPU
		{A0ABD8B5-9EA1-46FB-9B2B-9B6386832D6D}.Debug|x86.ActiveCfg = Debug|Any CPU
		{A0ABD8B5-9EA1-46FB-9B2B-9B6386832D6D}.Debug|x86.Build.0 = Debug|Any CPU
		{A0ABD8B5-9EA1-46FB-9B2B-9B6386832D6D}.Release|Any CPU.ActiveCfg = Release|Any CPU
		{A0ABD8B5-9EA1-46FB-9B2B-9B6386832D6D}.Release|Any CPU.Build.0 = Release|Any CPU
		{A0ABD8B5-9EA1-46FB-9B2B-9B6386832D6D}.Release|ARM.ActiveCfg = Release|Any CPU
		{A0ABD8B5-9EA1-46FB-9B2B-9B6386832D6D}.Release|ARM.Build.0 = Release|Any CPU
		{A0ABD8B5-9EA1-46FB-9B2B-9B6386832D6D}.Release|x64.ActiveCfg = Release|Any CPU
		{A0ABD8B5-9EA1-46FB-9B2B-9B6386832D6D}.Release|x64.Build.0 = Release|Any CPU
		{A0ABD8B5-9EA1-46FB-9B2B-9B6386832D6D}.Release|x86.ActiveCfg = Release|Any CPU
		{A0ABD8B5-9EA1-46FB-9B2B-9B6386832D6D}.Release|x86.Build.0 = Release|Any CPU
		{2328735B-D8EC-4449-B46B-50C0378CF8D4}.Debug|Any CPU.ActiveCfg = Debug|Any CPU
		{2328735B-D8EC-4449-B46B-50C0378CF8D4}.Debug|Any CPU.Build.0 = Debug|Any CPU
		{2328735B-D8EC-4449-B46B-50C0378CF8D4}.Debug|ARM.ActiveCfg = Debug|Any CPU
		{2328735B-D8EC-4449-B46B-50C0378CF8D4}.Debug|ARM.Build.0 = Debug|Any CPU
		{2328735B-D8EC-4449-B46B-50C0378CF8D4}.Debug|x64.ActiveCfg = Debug|Any CPU
		{2328735B-D8EC-4449-B46B-50C0378CF8D4}.Debug|x64.Build.0 = Debug|Any CPU
		{2328735B-D8EC-4449-B46B-50C0378CF8D4}.Debug|x86.ActiveCfg = Debug|Any CPU
		{2328735B-D8EC-4449-B46B-50C0378CF8D4}.Debug|x86.Build.0 = Debug|Any CPU
		{2328735B-D8EC-4449-B46B-50C0378CF8D4}.Release|Any CPU.ActiveCfg = Release|Any CPU
		{2328735B-D8EC-4449-B46B-50C0378CF8D4}.Release|Any CPU.Build.0 = Release|Any CPU
		{2328735B-D8EC-4449-B46B-50C0378CF8D4}.Release|ARM.ActiveCfg = Release|Any CPU
		{2328735B-D8EC-4449-B46B-50C0378CF8D4}.Release|ARM.Build.0 = Release|Any CPU
		{2328735B-D8EC-4449-B46B-50C0378CF8D4}.Release|x64.ActiveCfg = Release|Any CPU
		{2328735B-D8EC-4449-B46B-50C0378CF8D4}.Release|x64.Build.0 = Release|Any CPU
		{2328735B-D8EC-4449-B46B-50C0378CF8D4}.Release|x86.ActiveCfg = Release|Any CPU
		{2328735B-D8EC-4449-B46B-50C0378CF8D4}.Release|x86.Build.0 = Release|Any CPU
		{EE0D894B-DE37-42F9-A0CA-D171CF0CEA04}.Debug|Any CPU.ActiveCfg = Debug|Any CPU
		{EE0D894B-DE37-42F9-A0CA-D171CF0CEA04}.Debug|Any CPU.Build.0 = Debug|Any CPU
		{EE0D894B-DE37-42F9-A0CA-D171CF0CEA04}.Debug|ARM.ActiveCfg = Debug|Any CPU
		{EE0D894B-DE37-42F9-A0CA-D171CF0CEA04}.Debug|ARM.Build.0 = Debug|Any CPU
		{EE0D894B-DE37-42F9-A0CA-D171CF0CEA04}.Debug|x64.ActiveCfg = Debug|Any CPU
		{EE0D894B-DE37-42F9-A0CA-D171CF0CEA04}.Debug|x64.Build.0 = Debug|Any CPU
		{EE0D894B-DE37-42F9-A0CA-D171CF0CEA04}.Debug|x86.ActiveCfg = Debug|Any CPU
		{EE0D894B-DE37-42F9-A0CA-D171CF0CEA04}.Debug|x86.Build.0 = Debug|Any CPU
		{EE0D894B-DE37-42F9-A0CA-D171CF0CEA04}.Release|Any CPU.ActiveCfg = Release|Any CPU
		{EE0D894B-DE37-42F9-A0CA-D171CF0CEA04}.Release|Any CPU.Build.0 = Release|Any CPU
		{EE0D894B-DE37-42F9-A0CA-D171CF0CEA04}.Release|ARM.ActiveCfg = Release|Any CPU
		{EE0D894B-DE37-42F9-A0CA-D171CF0CEA04}.Release|ARM.Build.0 = Release|Any CPU
		{EE0D894B-DE37-42F9-A0CA-D171CF0CEA04}.Release|x64.ActiveCfg = Release|Any CPU
		{EE0D894B-DE37-42F9-A0CA-D171CF0CEA04}.Release|x64.Build.0 = Release|Any CPU
		{EE0D894B-DE37-42F9-A0CA-D171CF0CEA04}.Release|x86.ActiveCfg = Release|Any CPU
		{EE0D894B-DE37-42F9-A0CA-D171CF0CEA04}.Release|x86.Build.0 = Release|Any CPU
	EndGlobalSection
	GlobalSection(SolutionProperties) = preSolution
		HideSolutionNode = FALSE
	EndGlobalSection
	GlobalSection(NestedProjects) = preSolution
		{A0ABD8B5-9EA1-46FB-9B2B-9B6386832D6D} = {6734DB0D-9FB9-4F4A-8B7C-1FEDF896C33E}
		{2328735B-D8EC-4449-B46B-50C0378CF8D4} = {6734DB0D-9FB9-4F4A-8B7C-1FEDF896C33E}
		{EE0D894B-DE37-42F9-A0CA-D171CF0CEA04} = {6734DB0D-9FB9-4F4A-8B7C-1FEDF896C33E}
	EndGlobalSection
	GlobalSection(ExtensibilityGlobals) = postSolution
		SolutionGuid = {ADC744B7-754C-4A12-B7F3-1AA8106E174F}
	EndGlobalSection
EndGlobal
